Microsoft Visual Studio Solution File, Format Version 12.00
# Visual Studio 14
VisualStudioVersion = 14.0.25420.1
MinimumVisualStudioVersion = 10.0.40219.1
Project("{FAE04EC0-301F-11D3-BF4B-00C04F79EFBC}") = "DocSpring.Client", "src\DocSpring.Client\DocSpring.Client.csproj", "{C1F012D9-90EA-4D39-B2E3-9F8DBB9A3396}"
EndProject
Project("{FAE04EC0-301F-11D3-BF4B-00C04F79EFBC}") = "DocSpring.Client.Test", "src\DocSpring.Client.Test\DocSpring.Client.Test.csproj", "{19F1DEBC-DE5E-4517-8062-F000CD499087}"
EndProject
Global
	GlobalSection(SolutionConfigurationPlatforms) = preSolution
		Debug|Any CPU = Debug|Any CPU
		Release|Any CPU = Release|Any CPU
	EndGlobalSection
	GlobalSection(ProjectConfigurationPlatforms) = postSolution
		{C1F012D9-90EA-4D39-B2E3-9F8DBB9A3396}.Debug|Any CPU.ActiveCfg = Debug|Any CPU
		{C1F012D9-90EA-4D39-B2E3-9F8DBB9A3396}.Debug|Any CPU.Build.0 = Debug|Any CPU
		{C1F012D9-90EA-4D39-B2E3-9F8DBB9A3396}.Release|Any CPU.ActiveCfg = Release|Any CPU
		{C1F012D9-90EA-4D39-B2E3-9F8DBB9A3396}.Release|Any CPU.Build.0 = Release|Any CPU
		{19F1DEBC-DE5E-4517-8062-F000CD499087}.Debug|Any CPU.ActiveCfg = Debug|Any CPU
		{19F1DEBC-DE5E-4517-8062-F000CD499087}.Debug|Any CPU.Build.0 = Debug|Any CPU
		{19F1DEBC-DE5E-4517-8062-F000CD499087}.Release|Any CPU.ActiveCfg = Release|Any CPU
		{19F1DEBC-DE5E-4517-8062-F000CD499087}.Release|Any CPU.Build.0 = Release|Any CPU
	EndGlobalSection
	GlobalSection(SolutionProperties) = preSolution
		HideSolutionNode = FALSE
	EndGlobalSection
EndGlobal